
Microsoft Visual Studio Solution File, Format Version 12.00
# Visual Studio Version 17
VisualStudioVersion = 17.6.33717.318
MinimumVisualStudioVersion = 10.0.40219.1
Project("{FAE04EC0-301F-11D3-BF4B-00C04F79EFBC}") = "WorkingWithTasks", "WorkingWithTasks\WorkingWithTasks.csproj", "{3158A2AD-9288-4EFC-A152-7DF4883DA20C}"
EndProject
Project("{FAE04EC0-301F-11D3-BF4B-00C04F79EFBC}") = "SynchronizingResourceAccess", "SynchronizingResourceAccess\SynchronizingResourceAccess.csproj", "{B9A88B69-5EC9-488B-9EA7-8678799F6FF2}"
EndProject
Project("{FAE04EC0-301F-11D3-BF4B-00C04F79EFBC}") = "AsyncConsole", "AsyncConsole\AsyncConsole.csproj", "{C9CEA072-D15A-4E84-9215-BC0C51CD425F}"
EndProject
Project("{FAE04EC0-301F-11D3-BF4B-00C04F79EFBC}") = "AsyncEnumerable", "AsyncEnumerable\AsyncEnumerable.csproj", "{DAA9C4EA-74F5-4F36-98D0-FBD9B8A9F498}"
EndProject
Project("{FAE04EC0-301F-11D3-BF4B-00C04F79EFBC}") = "WpfResponsive", "WpfResponsive\WpfResponsive.csproj", "{9A6689F3-8348-4FD5-88BC-9BE819983731}"
EndProject
Global
	GlobalSection(SolutionConfigurationPlatforms) = preSolution
		Debug|Any CPU = Debug|Any CPU
		Release|Any CPU = Release|Any CPU
	EndGlobalSection
	GlobalSection(ProjectConfigurationPlatforms) = postSolution
		{3158A2AD-9288-4EFC-A152-7DF4883DA20C}.Debug|Any CPU.ActiveCfg = Debug|Any CPU
		{3158A2AD-9288-4EFC-A152-7DF4883DA20C}.Debug|Any CPU.Build.0 = Debug|Any CPU
		{3158A2AD-9288-4EFC-A152-7DF4883DA20C}.Release|Any CPU.ActiveCfg = Release|Any CPU
		{3158A2AD-9288-4EFC-A152-7DF4883DA20C}.Release|Any CPU.Build.0 = Release|Any CPU
		{B9A88B69-5EC9-488B-9EA7-8678799F6FF2}.Debug|Any CPU.ActiveCfg = Debug|Any CPU
		{B9A88B69-5EC9-488B-9EA7-8678799F6FF2}.Debug|Any CPU.Build.0 = Debug|Any CPU
		{B9A88B69-5EC9-488B-9EA7-8678799F6FF2}.Release|Any CPU.ActiveCfg = Release|Any CPU
		{B9A88B69-5EC9-488B-9EA7-8678799F6FF2}.Release|Any CPU.Build.0 = Release|Any CPU
		{C9CEA072-D15A-4E84-9215-BC0C51CD425F}.Debug|Any CPU.ActiveCfg = Debug|Any CPU
		{C9CEA072-D15A-4E84-9215-BC0C51CD425F}.Debug|Any CPU.Build.0 = Debug|Any CPU
		{C9CEA072-D15A-4E84-9215-BC0C51CD425F}.Release|Any CPU.ActiveCfg = Release|Any CPU
		{C9CEA072-D15A-4E84-9215-BC0C51CD425F}.Release|Any CPU.Build.0 = Release|Any CPU
		{DAA9C4EA-74F5-4F36-98D0-FBD9B8A9F498}.Debug|Any CPU.ActiveCfg = Debug|Any CPU
		{DAA9C4EA-74F5-4F36-98D0-FBD9B8A9F498}.Debug|Any CPU.Build.0 = Debug|Any CPU
		{DAA9C4EA-74F5-4F36-98D0-FBD9B8A9F498}.Release|Any CPU.ActiveCfg = Release|Any CPU
		{DAA9C4EA-74F5-4F36-98D0-FBD9B8A9F498}.Release|Any CPU.Build.0 = Release|Any CPU
		{9A6689F3-8348-4FD5-88BC-9BE819983731}.Debug|Any CPU.ActiveCfg = Debug|Any CPU
		{9A6689F3-8348-4FD5-88BC-9BE819983731}.Debug|Any CPU.Build.0 = Debug|Any CPU
		{9A6689F3-8348-4FD5-88BC-9BE819983731}.Release|Any CPU.ActiveCfg = Release|Any CPU
		{9A6689F3-8348-4FD5-88BC-9BE819983731}.Release|Any CPU.Build.0 = Release|Any CPU
	EndGlobalSection
	GlobalSection(SolutionProperties) = preSolution
		HideSolutionNode = FALSE
	EndGlobalSection
	GlobalSection(ExtensibilityGlobals) = postSolution
		SolutionGuid = {920E25BF-8590-4304-ACA0-1B8F071A701E}
	EndGlobalSection
EndGlobal
