
Microsoft Visual Studio Solution File, Format Version 12.00
# Visual Studio Version 17
VisualStudioVersion = 17.6.33801.468
MinimumVisualStudioVersion = 10.0.40219.1
Project("{9A19103F-16F7-4668-BE54-9A1E7A4F7556}") = "Northwind.Blazor", "Northwind.Blazor\Northwind.Blazor.csproj", "{C95DFC6E-558D-4348-8180-6C94E2AE4BC8}"
EndProject
Project("{FAE04EC0-301F-11D3-BF4B-00C04F79EFBC}") = "Northwind.BlazorLibraries.Server", "Northwind.BlazorLibraries\Server\Northwind.BlazorLibraries.Server.csproj", "{EDDE3CF5-B00E-4303-B485-ADF7A828A69F}"
EndProject
Project("{FAE04EC0-301F-11D3-BF4B-00C04F79EFBC}") = "Northwind.BlazorLibraries.Client", "Northwind.BlazorLibraries\Client\Northwind.BlazorLibraries.Client.csproj", "{C45E13B9-53F2-4882-B94D-A9359045BF4D}"
EndProject
Project("{FAE04EC0-301F-11D3-BF4B-00C04F79EFBC}") = "Northwind.BlazorLibraries.Shared", "Northwind.BlazorLibraries\Shared\Northwind.BlazorLibraries.Shared.csproj", "{D566067B-DC4E-4BED-B9C4-BB1D18551DCC}"
EndProject
Global
	GlobalSection(SolutionConfigurationPlatforms) = preSolution
		Debug|Any CPU = Debug|Any CPU
		Release|Any CPU = Release|Any CPU
	EndGlobalSection
	GlobalSection(ProjectConfigurationPlatforms) = postSolution
		{C95DFC6E-558D-4348-8180-6C94E2AE4BC8}.Debug|Any CPU.ActiveCfg = Debug|Any CPU
		{C95DFC6E-558D-4348-8180-6C94E2AE4BC8}.Debug|Any CPU.Build.0 = Debug|Any CPU
		{C95DFC6E-558D-4348-8180-6C94E2AE4BC8}.Release|Any CPU.ActiveCfg = Release|Any CPU
		{C95DFC6E-558D-4348-8180-6C94E2AE4BC8}.Release|Any CPU.Build.0 = Release|Any CPU
		{EDDE3CF5-B00E-4303-B485-ADF7A828A69F}.Debug|Any CPU.ActiveCfg = Debug|Any CPU
		{EDDE3CF5-B00E-4303-B485-ADF7A828A69F}.Debug|Any CPU.Build.0 = Debug|Any CPU
		{EDDE3CF5-B00E-4303-B485-ADF7A828A69F}.Release|Any CPU.ActiveCfg = Release|Any CPU
		{EDDE3CF5-B00E-4303-B485-ADF7A828A69F}.Release|Any CPU.Build.0 = Release|Any CPU
		{C45E13B9-53F2-4882-B94D-A9359045BF4D}.Debug|Any CPU.ActiveCfg = Debug|Any CPU
		{C45E13B9-53F2-4882-B94D-A9359045BF4D}.Debug|Any CPU.Build.0 = Debug|Any CPU
		{C45E13B9-53F2-4882-B94D-A9359045BF4D}.Release|Any CPU.ActiveCfg = Release|Any CPU
		{C45E13B9-53F2-4882-B94D-A9359045BF4D}.Release|Any CPU.Build.0 = Release|Any CPU
		{D566067B-DC4E-4BED-B9C4-BB1D18551DCC}.Debug|Any CPU.ActiveCfg = Debug|Any CPU
		{D566067B-DC4E-4BED-B9C4-BB1D18551DCC}.Debug|Any CPU.Build.0 = Debug|Any CPU
		{D566067B-DC4E-4BED-B9C4-BB1D18551DCC}.Release|Any CPU.ActiveCfg = Release|Any CPU
		{D566067B-DC4E-4BED-B9C4-BB1D18551DCC}.Release|Any CPU.Build.0 = Release|Any CPU
	EndGlobalSection
	GlobalSection(SolutionProperties) = preSolution
		HideSolutionNode = FALSE
	EndGlobalSection
	GlobalSection(ExtensibilityGlobals) = postSolution
		SolutionGuid = {92938C95-B30C-4BA8-8CC1-E3A0CD503D11}
	EndGlobalSection
EndGlobal
