
Microsoft Visual Studio Solution File, Format Version 12.00
# Visual Studio Version 17
VisualStudioVersion = 17.0.31611.283
MinimumVisualStudioVersion = 10.0.40219.1
Project("{9A19103F-16F7-4668-BE54-9A1E7A4F7556}") = "Northwind.Maui.Client", "Northwind.Maui.Client\Northwind.Maui.Client.csproj", "{D9F4A6ED-8B51-4181-A55B-7A0143375B4C}"
EndProject
Project("{FAE04EC0-301F-11D3-BF4B-00C04F79EFBC}") = "Northwind.Maui.WebApi.Service", "Northwind.Maui.WebApi.Service\Northwind.Maui.WebApi.Service.csproj", "{81B8C4F9-0AB6-4F67-8123-8EC21EA1A9FB}"
EndProject
Global
	GlobalSection(SolutionConfigurationPlatforms) = preSolution
		Debug|Any CPU = Debug|Any CPU
		Release|Any CPU = Release|Any CPU
	EndGlobalSection
	GlobalSection(ProjectConfigurationPlatforms) = postSolution
		{D9F4A6ED-8B51-4181-A55B-7A0143375B4C}.Debug|Any CPU.ActiveCfg = Debug|Any CPU
		{D9F4A6ED-8B51-4181-A55B-7A0143375B4C}.Debug|Any CPU.Build.0 = Debug|Any CPU
		{D9F4A6ED-8B51-4181-A55B-7A0143375B4C}.Debug|Any CPU.Deploy.0 = Debug|Any CPU
		{D9F4A6ED-8B51-4181-A55B-7A0143375B4C}.Release|Any CPU.ActiveCfg = Release|Any CPU
		{D9F4A6ED-8B51-4181-A55B-7A0143375B4C}.Release|Any CPU.Build.0 = Release|Any CPU
		{D9F4A6ED-8B51-4181-A55B-7A0143375B4C}.Release|Any CPU.Deploy.0 = Release|Any CPU
		{81B8C4F9-0AB6-4F67-8123-8EC21EA1A9FB}.Debug|Any CPU.ActiveCfg = Debug|Any CPU
		{81B8C4F9-0AB6-4F67-8123-8EC21EA1A9FB}.Debug|Any CPU.Build.0 = Debug|Any CPU
		{81B8C4F9-0AB6-4F67-8123-8EC21EA1A9FB}.Release|Any CPU.ActiveCfg = Release|Any CPU
		{81B8C4F9-0AB6-4F67-8123-8EC21EA1A9FB}.Release|Any CPU.Build.0 = Release|Any CPU
	EndGlobalSection
	GlobalSection(SolutionProperties) = preSolution
		HideSolutionNode = FALSE
	EndGlobalSection
	GlobalSection(ExtensibilityGlobals) = postSolution
		SolutionGuid = {61F7FB11-1E47-470C-91E2-47F8143E1572}
	EndGlobalSection
EndGlobal
