
Microsoft Visual Studio Solution File, Format Version 12.00
# Visual Studio Version 17
VisualStudioVersion = 17.6.33712.159
MinimumVisualStudioVersion = 10.0.40219.1
Project("{FAE04EC0-301F-11D3-BF4B-00C04F79EFBC}") = "Northwind.CosmosDb.SqlApi", "Northwind.CosmosDb.SqlApi\Northwind.CosmosDb.SqlApi.csproj", "{A555B42A-E36F-419C-9A8A-51BC43B09FBB}"
EndProject
Global
	GlobalSection(SolutionConfigurationPlatforms) = preSolution
		Debug|Any CPU = Debug|Any CPU
		Release|Any CPU = Release|Any CPU
	EndGlobalSection
	GlobalSection(ProjectConfigurationPlatforms) = postSolution
		{A555B42A-E36F-419C-9A8A-51BC43B09FBB}.Debug|Any CPU.ActiveCfg = Debug|Any CPU
		{A555B42A-E36F-419C-9A8A-51BC43B09FBB}.Debug|Any CPU.Build.0 = Debug|Any CPU
		{A555B42A-E36F-419C-9A8A-51BC43B09FBB}.Release|Any CPU.ActiveCfg = Release|Any CPU
		{A555B42A-E36F-419C-9A8A-51BC43B09FBB}.Release|Any CPU.Build.0 = Release|Any CPU
	EndGlobalSection
	GlobalSection(SolutionProperties) = preSolution
		HideSolutionNode = FALSE
	EndGlobalSection
	GlobalSection(ExtensibilityGlobals) = postSolution
		SolutionGuid = {44646209-8DB8-4A3D-8F11-FD7FC7B137C4}
	EndGlobalSection
EndGlobal
