Microsoft Visual Studio Solution File, Format Version 12.00
# Visual Studio Version 17
VisualStudioVersion = 17.0.31611.283
MinimumVisualStudioVersion = 10.0.40219.1
Project("{9A19103F-16F7-4668-BE54-9A1E7A4F7556}") = "Northwind.Maui.Blazor.Client", "Northwind.Maui.Blazor.Client\Northwind.Maui.Blazor.Client.csproj", "{A7280C27-B641-425E-89BE-834E8183E33D}"
EndProject
Project("{FAE04EC0-301F-11D3-BF4B-00C04F79EFBC}") = "Northwind.Maui.WebApi.Service", "Northwind.Maui.WebApi.Service\Northwind.Maui.WebApi.Service.csproj", "{E95E2C78-347E-4C1B-B172-E3CE40F0E380}"
EndProject
Global
	GlobalSection(SolutionConfigurationPlatforms) = preSolution
		Debug|Any CPU = Debug|Any CPU
		Release|Any CPU = Release|Any CPU
	EndGlobalSection
	GlobalSection(ProjectConfigurationPlatforms) = postSolution
		{A7280C27-B641-425E-89BE-834E8183E33D}.Debug|Any CPU.ActiveCfg = Debug|Any CPU
		{A7280C27-B641-425E-89BE-834E8183E33D}.Debug|Any CPU.Build.0 = Debug|Any CPU
		{A7280C27-B641-425E-89BE-834E8183E33D}.Debug|Any CPU.Deploy.0 = Debug|Any CPU
		{A7280C27-B641-425E-89BE-834E8183E33D}.Release|Any CPU.ActiveCfg = Release|Any CPU
		{A7280C27-B641-425E-89BE-834E8183E33D}.Release|Any CPU.Build.0 = Release|Any CPU
		{A7280C27-B641-425E-89BE-834E8183E33D}.Release|Any CPU.Deploy.0 = Release|Any CPU
		{E95E2C78-347E-4C1B-B172-E3CE40F0E380}.Debug|Any CPU.ActiveCfg = Debug|Any CPU
		{E95E2C78-347E-4C1B-B172-E3CE40F0E380}.Debug|Any CPU.Build.0 = Debug|Any CPU
		{E95E2C78-347E-4C1B-B172-E3CE40F0E380}.Release|Any CPU.ActiveCfg = Release|Any CPU
		{E95E2C78-347E-4C1B-B172-E3CE40F0E380}.Release|Any CPU.Build.0 = Release|Any CPU
	EndGlobalSection
	GlobalSection(SolutionProperties) = preSolution
		HideSolutionNode = FALSE
	EndGlobalSection
	GlobalSection(ExtensibilityGlobals) = postSolution
		        SolutionGuid = {61F7FB11-1E47-470C-91E2-47F8143E1572}
		SolutionGuid = {8E49F754-B561-4573-83CF-1746470248DD}
	EndGlobalSection
EndGlobal
