
Microsoft Visual Studio Solution File, Format Version 12.00
# Visual Studio Version 17
VisualStudioVersion = 17.6.33712.159
MinimumVisualStudioVersion = 10.0.40219.1
Project("{9A19103F-16F7-4668-BE54-9A1E7A4F7556}") = "Northwind.Console.EFCore", "Northwind.Console.EFCore\Northwind.Console.EFCore.csproj", "{393970F8-9836-4D3F-95DB-A5EB7DD87B86}"
EndProject
Project("{9A19103F-16F7-4668-BE54-9A1E7A4F7556}") = "Northwind.Console.HierarchyMapping", "Northwind.Console.HierarchyMapping\Northwind.Console.HierarchyMapping.csproj", "{585984B0-40AF-4B5D-A109-21E45D81F33E}"
EndProject
Project("{9A19103F-16F7-4668-BE54-9A1E7A4F7556}") = "Northwind.Common.EntityModels.SqlServer", "Northwind.Common.EntityModels.SqlServer\Northwind.Common.EntityModels.SqlServer.csproj", "{EE5A6FCA-87FD-4B33-A497-6AAB6F8B5368}"
EndProject
Project("{9A19103F-16F7-4668-BE54-9A1E7A4F7556}") = "Northwind.Common.DataContext.SqlServer", "Northwind.Common.DataContext.SqlServer\Northwind.Common.DataContext.SqlServer.csproj", "{3245F2BB-F569-496D-B5B1-23B7085681A6}"
EndProject
Project("{FAE04EC0-301F-11D3-BF4B-00C04F79EFBC}") = "Northwind.Common.EntityModels.Tests", "Northwind.Common.EntityModels.Tests\Northwind.Common.EntityModels.Tests.csproj", "{D7262F60-4762-4649-8EBC-DF8C52E63D57}"
EndProject
Global
	GlobalSection(SolutionConfigurationPlatforms) = preSolution
		Debug|Any CPU = Debug|Any CPU
		Release|Any CPU = Release|Any CPU
	EndGlobalSection
	GlobalSection(ProjectConfigurationPlatforms) = postSolution
		{393970F8-9836-4D3F-95DB-A5EB7DD87B86}.Debug|Any CPU.ActiveCfg = Debug|Any CPU
		{393970F8-9836-4D3F-95DB-A5EB7DD87B86}.Debug|Any CPU.Build.0 = Debug|Any CPU
		{393970F8-9836-4D3F-95DB-A5EB7DD87B86}.Release|Any CPU.ActiveCfg = Release|Any CPU
		{393970F8-9836-4D3F-95DB-A5EB7DD87B86}.Release|Any CPU.Build.0 = Release|Any CPU
		{585984B0-40AF-4B5D-A109-21E45D81F33E}.Debug|Any CPU.ActiveCfg = Debug|Any CPU
		{585984B0-40AF-4B5D-A109-21E45D81F33E}.Debug|Any CPU.Build.0 = Debug|Any CPU
		{585984B0-40AF-4B5D-A109-21E45D81F33E}.Release|Any CPU.ActiveCfg = Release|Any CPU
		{585984B0-40AF-4B5D-A109-21E45D81F33E}.Release|Any CPU.Build.0 = Release|Any CPU
		{EE5A6FCA-87FD-4B33-A497-6AAB6F8B5368}.Debug|Any CPU.ActiveCfg = Debug|Any CPU
		{EE5A6FCA-87FD-4B33-A497-6AAB6F8B5368}.Debug|Any CPU.Build.0 = Debug|Any CPU
		{EE5A6FCA-87FD-4B33-A497-6AAB6F8B5368}.Release|Any CPU.ActiveCfg = Release|Any CPU
		{EE5A6FCA-87FD-4B33-A497-6AAB6F8B5368}.Release|Any CPU.Build.0 = Release|Any CPU
		{3245F2BB-F569-496D-B5B1-23B7085681A6}.Debug|Any CPU.ActiveCfg = Debug|Any CPU
		{3245F2BB-F569-496D-B5B1-23B7085681A6}.Debug|Any CPU.Build.0 = Debug|Any CPU
		{3245F2BB-F569-496D-B5B1-23B7085681A6}.Release|Any CPU.ActiveCfg = Release|Any CPU
		{3245F2BB-F569-496D-B5B1-23B7085681A6}.Release|Any CPU.Build.0 = Release|Any CPU
		{D7262F60-4762-4649-8EBC-DF8C52E63D57}.Debug|Any CPU.ActiveCfg = Debug|Any CPU
		{D7262F60-4762-4649-8EBC-DF8C52E63D57}.Debug|Any CPU.Build.0 = Debug|Any CPU
		{D7262F60-4762-4649-8EBC-DF8C52E63D57}.Release|Any CPU.ActiveCfg = Release|Any CPU
		{D7262F60-4762-4649-8EBC-DF8C52E63D57}.Release|Any CPU.Build.0 = Release|Any CPU
	EndGlobalSection
	GlobalSection(SolutionProperties) = preSolution
		HideSolutionNode = FALSE
	EndGlobalSection
	GlobalSection(ExtensibilityGlobals) = postSolution
		SolutionGuid = {4D308EEC-F7F7-49CD-B082-66F4B1A12DA0}
	EndGlobalSection
EndGlobal
